{
    "_readme": [
        "This file locks the dependencies of your project to a known state",
        "Read more about it at https://getcomposer.org/doc/01-basic-usage.md#installing-dependencies",
        "This file is @generated automatically"
    ],
    "content-hash": "7fb124a312a1cb91cf5a272fd7f61921",
    "packages": [
        {
            "name": "spatie/fork",
            "version": "1.2.2",
            "source": {
                "type": "git",
                "url": "https://github.com/spatie/fork.git",
                "reference": "c79b4c10ce1c22efb7e90429a5ff30d36c7d8ae3"
            },
            "dist": {
                "type": "zip",
                "url": "https://api.github.com/repos/spatie/fork/zipball/c79b4c10ce1c22efb7e90429a5ff30d36c7d8ae3",
                "reference": "c79b4c10ce1c22efb7e90429a5ff30d36c7d8ae3",
                "shasum": ""
            },
            "require": {
                "ext-pcntl": "*",
                "ext-sockets": "*",
                "php": "^8.0"
            },
            "require-dev": {
                "nesbot/carbon": "^2.66",
                "pestphp/pest": "^1.23",
                "phpunit/phpunit": "^9.5",
                "spatie/ray": "^1.10"
            },
            "type": "library",
            "autoload": {
                "psr-4": {
                    "Spatie\\Fork\\": "src"
                }
            },
            "notification-url": "https://packagist.org/downloads/",
            "license": [
                "MIT"
            ],
            "authors": [
                {
                    "name": "Brent Roose",
                    "email": "brent@spatie.be",
                    "role": "Developer"
                },
                {
                    "name": "Freek Van der Herten",
                    "email": "freek@spatie.be",
                    "role": "Developer"
                }
            ],
            "description": "A lightweight solution for running code concurrently in PHP",
            "homepage": "https://github.com/spatie/fork",
            "keywords": [
                "fork",
                "spatie"
            ],
            "support": {
                "issues": "https://github.com/spatie/fork/issues",
                "source": "https://github.com/spatie/fork/tree/1.2.2"
            },
            "funding": [
                {
                    "url": "https://github.com/spatie",
                    "type": "github"
                }
            ],
            "time": "2023-12-07T16:42:08+00:00"
        }
    ],
    "packages-dev": [],
    "aliases": [],
    "minimum-stability": "stable",
    "stability-flags": [],
    "prefer-stable": false,
    "prefer-lowest": false,
    "platform": [],
    "platform-dev": [],
    "plugin-api-version": "2.6.0"
}
